
Microsoft Visual Studio Solution File, Format Version 12.00
# Visual Studio Version 16
VisualStudioVersion = 25.0.1700.7
MinimumVisualStudioVersion = 10.0.40219.1
Project("{FAE04EC0-301F-11D3-BF4B-00C04F79EFBC}") = "BoardGame", "BoardGame\BoardGame.csproj", "{679B8442-B200-4AFD-AC4C-63DA12B15EDA}"
EndProject
Global
	GlobalSection(SolutionConfigurationPlatforms) = preSolution
		Debug|Any CPU = Debug|Any CPU
		Release|Any CPU = Release|Any CPU
	EndGlobalSection
	GlobalSection(ProjectConfigurationPlatforms) = postSolution
		{679B8442-B200-4AFD-AC4C-63DA12B15EDA}.Debug|Any CPU.ActiveCfg = Debug|Any CPU
		{679B8442-B200-4AFD-AC4C-63DA12B15EDA}.Debug|Any CPU.Build.0 = Debug|Any CPU
		{679B8442-B200-4AFD-AC4C-63DA12B15EDA}.Release|Any CPU.ActiveCfg = Release|Any CPU
		{679B8442-B200-4AFD-AC4C-63DA12B15EDA}.Release|Any CPU.Build.0 = Release|Any CPU
	EndGlobalSection
	GlobalSection(SolutionProperties) = preSolution
		HideSolutionNode = FALSE
	EndGlobalSection
	GlobalSection(ExtensibilityGlobals) = postSolution
		SolutionGuid = {3AAF3C68-58DF-4CEB-BAFA-AF76EEA9D052}
	EndGlobalSection
EndGlobal
